
Microsoft Visual Studio Solution File, Format Version 10.00
# Visual Studio 2008
Project("{8BC9CEB8-8B4A-11D0-8D11-00A0C91BC942}") = "game", "game.vcproj", "{34CF2365-D374-475F-83BD-B039CC3B6B0B}"
EndProject
Global
	GlobalSection(SolutionConfigurationPlatforms) = preSolution
		Debug Alpha|Win32 = Debug Alpha|Win32
		Debug|Win32 = Debug|Win32
		Release Alpha|Win32 = Release Alpha|Win32
		Release|Win32 = Release|Win32
	EndGlobalSection
	GlobalSection(ProjectConfigurationPlatforms) = postSolution
		{34CF2365-D374-475F-83BD-B039CC3B6B0B}.Debug Alpha|Win32.ActiveCfg = Debug Alpha|Win32
		{34CF2365-D374-475F-83BD-B039CC3B6B0B}.Debug Alpha|Win32.Build.0 = Debug Alpha|Win32
		{34CF2365-D374-475F-83BD-B039CC3B6B0B}.Debug|Win32.ActiveCfg = Debug|Win32
		{34CF2365-D374-475F-83BD-B039CC3B6B0B}.Debug|Win32.Build.0 = Debug|Win32
		{34CF2365-D374-475F-83BD-B039CC3B6B0B}.Release Alpha|Win32.ActiveCfg = Release Alpha|Win32
		{34CF2365-D374-475F-83BD-B039CC3B6B0B}.Release Alpha|Win32.Build.0 = Release Alpha|Win32
		{34CF2365-D374-475F-83BD-B039CC3B6B0B}.Release|Win32.ActiveCfg = Release|Win32
		{34CF2365-D374-475F-83BD-B039CC3B6B0B}.Release|Win32.Build.0 = Release|Win32
	EndGlobalSection
	GlobalSection(SolutionProperties) = preSolution
		HideSolutionNode = FALSE
	EndGlobalSection
EndGlobal
